
Microsoft Visual Studio Solution File, Format Version 12.00
# Visual Studio Version 17
VisualStudioVersion = 17.3.32825.248
MinimumVisualStudioVersion = 10.0.40219.1
Project("{2150E333-8FDC-42A3-9474-1A3956D46DE8}") = "src", "src", "{CF84DECA-6980-4887-93BD-5A1495D2819F}"
EndProject
Project("{9A19103F-16F7-4668-BE54-9A1E7A4F7556}") = "Domain", "Domain\Domain.csproj", "{8881F2DB-18C2-4B19-A866-CC2515F84FD8}"
EndProject
Project("{9A19103F-16F7-4668-BE54-9A1E7A4F7556}") = "Infrastructure", "Infrastructure\Infrastructure.csproj", "{B47D2D01-5055-484D-9448-171B9FC0E06C}"
EndProject
Project("{9A19103F-16F7-4668-BE54-9A1E7A4F7556}") = "Web", "Web\Web.csproj", "{375483F3-74B1-4775-BC09-74E39D450DDD}"
EndProject
Project("{2150E333-8FDC-42A3-9474-1A3956D46DE8}") = "tests", "tests", "{D61EFFDD-908C-446A-BE2B-521995216466}"
EndProject
Project("{FAE04EC0-301F-11D3-BF4B-00C04F79EFBC}") = "Application.UnitTests", "Application.UnitTests\Application.UnitTests.csproj", "{155FA3EB-C951-4652-975A-B83B5A0221EC}"
EndProject
Project("{FAE04EC0-301F-11D3-BF4B-00C04F79EFBC}") = "Domain.Tests", "Domain.Tests\Domain.Tests.csproj", "{CA1C5F7D-A197-4173-8B57-49F0F8A46324}"
EndProject
Project("{FAE04EC0-301F-11D3-BF4B-00C04F79EFBC}") = "Infrastructure.Integration.Tests", "Infrastructure.Integration.Tests\Infrastructure.Integration.Tests.csproj", "{992B3DE0-73E8-4DA4-8122-3585BE1381D1}"
EndProject
Project("{FAE04EC0-301F-11D3-BF4B-00C04F79EFBC}") = "Web.IntegrationTests", "Web.IntegrationTests\Web.IntegrationTests.csproj", "{A1DD4ECE-3D52-41FD-809B-18F94B74FBF3}"
EndProject
Project("{FAE04EC0-301F-11D3-BF4B-00C04F79EFBC}") = "Application", "Application\Application.csproj", "{64B1B964-9C63-4DA7-BC9A-3EE3D3764238}"
EndProject
Global
	GlobalSection(SolutionConfigurationPlatforms) = preSolution
		Debug|Any CPU = Debug|Any CPU
		Release|Any CPU = Release|Any CPU
	EndGlobalSection
	GlobalSection(ProjectConfigurationPlatforms) = postSolution
		{8881F2DB-18C2-4B19-A866-CC2515F84FD8}.Debug|Any CPU.ActiveCfg = Debug|Any CPU
		{8881F2DB-18C2-4B19-A866-CC2515F84FD8}.Debug|Any CPU.Build.0 = Debug|Any CPU
		{8881F2DB-18C2-4B19-A866-CC2515F84FD8}.Release|Any CPU.ActiveCfg = Release|Any CPU
		{8881F2DB-18C2-4B19-A866-CC2515F84FD8}.Release|Any CPU.Build.0 = Release|Any CPU
		{B47D2D01-5055-484D-9448-171B9FC0E06C}.Debug|Any CPU.ActiveCfg = Debug|Any CPU
		{B47D2D01-5055-484D-9448-171B9FC0E06C}.Debug|Any CPU.Build.0 = Debug|Any CPU
		{B47D2D01-5055-484D-9448-171B9FC0E06C}.Release|Any CPU.ActiveCfg = Release|Any CPU
		{B47D2D01-5055-484D-9448-171B9FC0E06C}.Release|Any CPU.Build.0 = Release|Any CPU
		{375483F3-74B1-4775-BC09-74E39D450DDD}.Debug|Any CPU.ActiveCfg = Debug|Any CPU
		{375483F3-74B1-4775-BC09-74E39D450DDD}.Debug|Any CPU.Build.0 = Debug|Any CPU
		{375483F3-74B1-4775-BC09-74E39D450DDD}.Release|Any CPU.ActiveCfg = Release|Any CPU
		{375483F3-74B1-4775-BC09-74E39D450DDD}.Release|Any CPU.Build.0 = Release|Any CPU
		{155FA3EB-C951-4652-975A-B83B5A0221EC}.Debug|Any CPU.ActiveCfg = Debug|Any CPU
		{155FA3EB-C951-4652-975A-B83B5A0221EC}.Debug|Any CPU.Build.0 = Debug|Any CPU
		{155FA3EB-C951-4652-975A-B83B5A0221EC}.Release|Any CPU.ActiveCfg = Release|Any CPU
		{155FA3EB-C951-4652-975A-B83B5A0221EC}.Release|Any CPU.Build.0 = Release|Any CPU
		{CA1C5F7D-A197-4173-8B57-49F0F8A46324}.Debug|Any CPU.ActiveCfg = Debug|Any CPU
		{CA1C5F7D-A197-4173-8B57-49F0F8A46324}.Debug|Any CPU.Build.0 = Debug|Any CPU
		{CA1C5F7D-A197-4173-8B57-49F0F8A46324}.Release|Any CPU.ActiveCfg = Release|Any CPU
		{CA1C5F7D-A197-4173-8B57-49F0F8A46324}.Release|Any CPU.Build.0 = Release|Any CPU
		{992B3DE0-73E8-4DA4-8122-3585BE1381D1}.Debug|Any CPU.ActiveCfg = Debug|Any CPU
		{992B3DE0-73E8-4DA4-8122-3585BE1381D1}.Debug|Any CPU.Build.0 = Debug|Any CPU
		{992B3DE0-73E8-4DA4-8122-3585BE1381D1}.Release|Any CPU.ActiveCfg = Release|Any CPU
		{992B3DE0-73E8-4DA4-8122-3585BE1381D1}.Release|Any CPU.Build.0 = Release|Any CPU
		{A1DD4ECE-3D52-41FD-809B-18F94B74FBF3}.Debug|Any CPU.ActiveCfg = Debug|Any CPU
		{A1DD4ECE-3D52-41FD-809B-18F94B74FBF3}.Debug|Any CPU.Build.0 = Debug|Any CPU
		{A1DD4ECE-3D52-41FD-809B-18F94B74FBF3}.Release|Any CPU.ActiveCfg = Release|Any CPU
		{A1DD4ECE-3D52-41FD-809B-18F94B74FBF3}.Release|Any CPU.Build.0 = Release|Any CPU
		{64B1B964-9C63-4DA7-BC9A-3EE3D3764238}.Debug|Any CPU.ActiveCfg = Debug|Any CPU
		{64B1B964-9C63-4DA7-BC9A-3EE3D3764238}.Debug|Any CPU.Build.0 = Debug|Any CPU
		{64B1B964-9C63-4DA7-BC9A-3EE3D3764238}.Release|Any CPU.ActiveCfg = Release|Any CPU
		{64B1B964-9C63-4DA7-BC9A-3EE3D3764238}.Release|Any CPU.Build.0 = Release|Any CPU
	EndGlobalSection
	GlobalSection(SolutionProperties) = preSolution
		HideSolutionNode = FALSE
	EndGlobalSection
	GlobalSection(NestedProjects) = preSolution
		{8881F2DB-18C2-4B19-A866-CC2515F84FD8} = {CF84DECA-6980-4887-93BD-5A1495D2819F}
		{B47D2D01-5055-484D-9448-171B9FC0E06C} = {CF84DECA-6980-4887-93BD-5A1495D2819F}
		{375483F3-74B1-4775-BC09-74E39D450DDD} = {CF84DECA-6980-4887-93BD-5A1495D2819F}
		{155FA3EB-C951-4652-975A-B83B5A0221EC} = {D61EFFDD-908C-446A-BE2B-521995216466}
		{CA1C5F7D-A197-4173-8B57-49F0F8A46324} = {D61EFFDD-908C-446A-BE2B-521995216466}
		{992B3DE0-73E8-4DA4-8122-3585BE1381D1} = {D61EFFDD-908C-446A-BE2B-521995216466}
		{A1DD4ECE-3D52-41FD-809B-18F94B74FBF3} = {D61EFFDD-908C-446A-BE2B-521995216466}
		{64B1B964-9C63-4DA7-BC9A-3EE3D3764238} = {CF84DECA-6980-4887-93BD-5A1495D2819F}
	EndGlobalSection
	GlobalSection(ExtensibilityGlobals) = postSolution
		SolutionGuid = {CCB47413-7987-47D5-A2CD-4F436C0F045D}
	EndGlobalSection
EndGlobal
